// !$*UTF8*$!
{
	archiveVersion = 1;
	classes = {
	};
	objectVersion = 55;
	objects = {

/* Begin PBXBuildFile section */
		6A5D7C2E28690C2700F623FE /* AppDelegate.swift in Sources */ = {isa = PBXBuildFile; fileRef = 6A5D7C2D28690C2700F623FE /* AppDelegate.swift */; };
		6A5D7C3028690C2700F623FE /* SceneDelegate.swift in Sources */ = {isa = PBXBuildFile; fileRef = 6A5D7C2F28690C2700F623FE /* SceneDelegate.swift */; };
		6A5D7C3228690C2700F623FE /* ViewController.swift in Sources */ = {isa = PBXBuildFile; fileRef = 6A5D7C3128690C2700F623FE /* ViewController.swift */; };
		6A5D7C3528690C2700F623FE /* Main.storyboard in Resources */ = {isa = PBXBuildFile; fileRef = 6A5D7C3328690C2700F623FE /* Main.storyboard */; };
		6A5D7C3728690C2800F623FE /* Assets.xcassets in Resources */ = {isa = PBXBuildFile; fileRef = 6A5D7C3628690C2800F623FE /* Assets.xcassets */; };
		6A5D7C3A28690C2800F623FE /* LaunchScreen.storyboard in Resources */ = {isa = PBXBuildFile; fileRef = 6A5D7C3828690C2800F623FE /* LaunchScreen.storyboard */; };
		6A5D7C4528690C2800F623FE /* PalindromeTests.swift in Sources */ = {isa = PBXBuildFile; fileRef = 6A5D7C4428690C2800F623FE /* PalindromeTests.swift */; };
		6A5D7C4F28690C2800F623FE /* PalindromeUITests.swift in Sources */ = {isa = PBXBuildFile; fileRef = 6A5D7C4E28690C2800F623FE /* PalindromeUITests.swift */; };
		6A5D7C5128690C2800F623FE /* PalindromeUITestsLaunchTests.swift in Sources */ = {isa = PBXBuildFile; fileRef = 6A5D7C5028690C2800F623FE /* PalindromeUITestsLaunchTests.swift */; };
		6A5D7C5E28690D1B00F623FE /* PalindromeCheck.swift in Sources */ = {isa = PBXBuildFile; fileRef = 6A5D7C5D28690D1B00F623FE /* PalindromeCheck.swift */; };
/* End PBXBuildFile section */

/* Begin PBXContainerItemProxy section */
		6A5D7C4128690C2800F623FE /* PBXContainerItemProxy */ = {
			isa = PBXContainerItemProxy;
			containerPortal = 6A5D7C2228690C2700F623FE /* Project object */;
			proxyType = 1;
			remoteGlobalIDString = 6A5D7C2928690C2700F623FE;
			remoteInfo = Palindrome;
		};
		6A5D7C4B28690C2800F623FE /* PBXContainerItemProxy */ = {
			isa = PBXContainerItemProxy;
			containerPortal = 6A5D7C2228690C2700F623FE /* Project object */;
			proxyType = 1;
			remoteGlobalIDString = 6A5D7C2928690C2700F623FE;
			remoteInfo = Palindrome;
		};
/* End PBXContainerItemProxy section */

/* Begin PBXFileReference section */
		6A5D7C2A28690C2700F623FE /* Palindrome.app */ = {isa = PBXFileReference; explicitFileType = wrapper.application; includeInIndex = 0; path = Palindrome.app; sourceTree = BUILT_PRODUCTS_DIR; };
		6A5D7C2D28690C2700F623FE /* AppDelegate.swift */ = {isa = PBXFileReference; lastKnownFileType = sourcecode.swift; path = AppDelegate.swift; sourceTree = "<group>"; };
		6A5D7C2F28690C2700F623FE /* SceneDelegate.swift */ = {isa = PBXFileReference; lastKnownFileType = sourcecode.swift; path = SceneDelegate.swift; sourceTree = "<group>"; };
		6A5D7C3128690C2700F623FE /* ViewController.swift */ = {isa = PBXFileReference; lastKnownFileType = sourcecode.swift; path = ViewController.swift; sourceTree = "<group>"; };
		6A5D7C3428690C2700F623FE /* Base */ = {isa = PBXFileReference; lastKnownFileType = file.storyboard; name = Base; path = Base.lproj/Main.storyboard; sourceTree = "<group>"; };
		6A5D7C3628690C2800F623FE /* Assets.xcassets */ = {isa = PBXFileReference; lastKnownFileType = folder.assetcatalog; path = Assets.xcassets; sourceTree = "<group>"; };
		6A5D7C3928690C2800F623FE /* Base */ = {isa = PBXFileReference; lastKnownFileType = file.storyboard; name = Base; path = Base.lproj/LaunchScreen.storyboard; sourceTree = "<group>"; };
		6A5D7C3B28690C2800F623FE /* Info.plist */ = {isa = PBXFileReference; lastKnownFileType = text.plist.xml; path = Info.plist; sourceTree = "<group>"; };
		6A5D7C4028690C2800F623FE /* PalindromeTests.xctest */ = {isa = PBXFileReference; explicitFileType = wrapper.cfbundle; includeInIndex = 0; path = PalindromeTests.xctest; sourceTree = BUILT_PRODUCTS_DIR; };
		6A5D7C4428690C2800F623FE /* PalindromeTests.swift */ = {isa = PBXFileReference; lastKnownFileType = sourcecode.swift; path = PalindromeTests.swift; sourceTree = "<group>"; };
		6A5D7C4A28690C2800F623FE /* PalindromeUITests.xctest */ = {isa = PBXFileReference; explicitFileType = wrapper.cfbundle; includeInIndex = 0; path = PalindromeUITests.xctest; sourceTree = BUILT_PRODUCTS_DIR; };
		6A5D7C4E28690C2800F623FE /* PalindromeUITests.swift */ = {isa = PBXFileReference; lastKnownFileType = sourcecode.swift; path = PalindromeUITests.swift; sourceTree = "<group>"; };
		6A5D7C5028690C2800F623FE /* PalindromeUITestsLaunchTests.swift */ = {isa = PBXFileReference; lastKnownFileType = sourcecode.swift; path = PalindromeUITestsLaunchTests.swift; sourceTree = "<group>"; };
		6A5D7C5D28690D1B00F623FE /* PalindromeCheck.swift */ = {isa = PBXFileReference; lastKnownFileType = sourcecode.swift; path = PalindromeCheck.swift; sourceTree = "<group>"; };
/* End PBXFileReference section */

/* Begin PBXFrameworksBuildPhase section */
		6A5D7C2728690C2700F623FE /* Frameworks */ = {
			isa = PBXFrameworksBuildPhase;
			buildActionMask = 2147483647;
			files = (
			);
			runOnlyForDeploymentPostprocessing = 0;
		};
		6A5D7C3D28690C2800F623FE /* Frameworks */ = {
			isa = PBXFrameworksBuildPhase;
			buildActionMask = 2147483647;
			files = (
			);
			runOnlyForDeploymentPostprocessing = 0;
		};
		6A5D7C4728690C2800F623FE /* Frameworks */ = {
			isa = PBXFrameworksBuildPhase;
			buildActionMask = 2147483647;
			files = (
			);
			runOnlyForDeploymentPostprocessing = 0;
		};
/* End PBXFrameworksBuildPhase section */

/* Begin PBXGroup section */
		6A5D7C2128690C2700F623FE = {
			isa = PBXGroup;
			children = (
				6A5D7C2C28690C2700F623FE /* Palindrome */,
				6A5D7C4328690C2800F623FE /* PalindromeTests */,
				6A5D7C4D28690C2800F623FE /* PalindromeUITests */,
				6A5D7C2B28690C2700F623FE /* Products */,
			);
			sourceTree = "<group>";
		};
		6A5D7C2B28690C2700F623FE /* Products */ = {
			isa = PBXGroup;
			children = (
				6A5D7C2A28690C2700F623FE /* Palindrome.app */,
				6A5D7C4028690C2800F623FE /* PalindromeTests.xctest */,
				6A5D7C4A28690C2800F623FE /* PalindromeUITests.xctest */,
			);
			name = Products;
			sourceTree = "<group>";
		};
		6A5D7C2C28690C2700F623FE /* Palindrome */ = {
			isa = PBXGroup;
			children = (
				6A5D7C2D28690C2700F623FE /* AppDelegate.swift */,
				6A5D7C2F28690C2700F623FE /* SceneDelegate.swift */,
				6A5D7C3128690C2700F623FE /* ViewController.swift */,
				6A5D7C3328690C2700F623FE /* Main.storyboard */,
				6A5D7C3628690C2800F623FE /* Assets.xcassets */,
				6A5D7C3828690C2800F623FE /* LaunchScreen.storyboard */,
				6A5D7C3B28690C2800F623FE /* Info.plist */,
				6A5D7C5D28690D1B00F623FE /* PalindromeCheck.swift */,
			);
			path = Palindrome;
			sourceTree = "<group>";
		};
		6A5D7C4328690C2800F623FE /* PalindromeTests */ = {
			isa = PBXGroup;
			children = (
				6A5D7C4428690C2800F623FE /* PalindromeTests.swift */,
			);
			path = PalindromeTests;
			sourceTree = "<group>";
		};
		6A5D7C4D28690C2800F623FE /* PalindromeUITests */ = {
			isa = PBXGroup;
			children = (
				6A5D7C4E28690C2800F623FE /* PalindromeUITests.swift */,
				6A5D7C5028690C2800F623FE /* PalindromeUITestsLaunchTests.swift */,
			);
			path = PalindromeUITests;
			sourceTree = "<group>";
		};
/* End PBXGroup section */

/* Begin PBXNativeTarget section */
		6A5D7C2928690C2700F623FE /* Palindrome */ = {
			isa = PBXNativeTarget;
			buildConfigurationList = 6A5D7C5428690C2800F623FE /* Build configuration list for PBXNativeTarget "Palindrome" */;
			buildPhases = (
				6A5D7C2628690C2700F623FE /* Sources */,
				6A5D7C2728690C2700F623FE /* Frameworks */,
				6A5D7C2828690C2700F623FE /* Resources */,
			);
			buildRules = (
			);
			dependencies = (
			);
			name = Palindrome;
			productName = Palindrome;
			productReference = 6A5D7C2A28690C2700F623FE /* Palindrome.app */;
			productType = "com.apple.product-type.application";
		};
		6A5D7C3F28690C2800F623FE /* PalindromeTests */ = {
			isa = PBXNativeTarget;
			buildConfigurationList = 6A5D7C5728690C2800F623FE /* Build configuration list for PBXNativeTarget "PalindromeTests" */;
			buildPhases = (
				6A5D7C3C28690C2800F623FE /* Sources */,
				6A5D7C3D28690C2800F623FE /* Frameworks */,
				6A5D7C3E28690C2800F623FE /* Resources */,
			);
			buildRules = (
			);
			dependencies = (
				6A5D7C4228690C2800F623FE /* PBXTargetDependency */,
			);
			name = PalindromeTests;
			productName = PalindromeTests;
			productReference = 6A5D7C4028690C2800F623FE /* PalindromeTests.xctest */;
			productType = "com.apple.product-type.bundle.unit-test";
		};
		6A5D7C4928690C2800F623FE /* PalindromeUITests */ = {
			isa = PBXNativeTarget;
			buildConfigurationList = 6A5D7C5A28690C2800F623FE /* Build configuration list for PBXNativeTarget "PalindromeUITests" */;
			buildPhases = (
				6A5D7C4628690C2800F623FE /* Sources */,
				6A5D7C4728690C2800F623FE /* Frameworks */,
				6A5D7C4828690C2800F623FE /* Resources */,
			);
			buildRules = (
			);
			dependencies = (
				6A5D7C4C28690C2800F623FE /* PBXTargetDependency */,
			);
			name = PalindromeUITests;
			productName = PalindromeUITests;
			productReference = 6A5D7C4A28690C2800F623FE /* PalindromeUITests.xctest */;
			productType = "com.apple.product-type.bundle.ui-testing";
		};
/* End PBXNativeTarget section */

/* Begin PBXProject section */
		6A5D7C2228690C2700F623FE /* Project object */ = {
			isa = PBXProject;
			attributes = {
				BuildIndependentTargetsInParallel = 1;
				LastSwiftUpdateCheck = 1340;
				LastUpgradeCheck = 1340;
				TargetAttributes = {
					6A5D7C2928690C2700F623FE = {
						CreatedOnToolsVersion = 13.4.1;
					};
					6A5D7C3F28690C2800F623FE = {
						CreatedOnToolsVersion = 13.4.1;
						TestTargetID = 6A5D7C2928690C2700F623FE;
					};
					6A5D7C4928690C2800F623FE = {
						CreatedOnToolsVersion = 13.4.1;
						TestTargetID = 6A5D7C2928690C2700F623FE;
					};
				};
			};
			buildConfigurationList = 6A5D7C2528690C2700F623FE /* Build configuration list for PBXProject "Palindrome" */;
			compatibilityVersion = "Xcode 13.0";
			developmentRegion = en;
			hasScannedForEncodings = 0;
			knownRegions = (
				en,
				Base,
			);
			mainGroup = 6A5D7C2128690C2700F623FE;
			productRefGroup = 6A5D7C2B28690C2700F623FE /* Products */;
			projectDirPath = "";
			projectRoot = "";
			targets = (
				6A5D7C2928690C2700F623FE /* Palindrome */,
				6A5D7C3F28690C2800F623FE /* PalindromeTests */,
				6A5D7C4928690C2800F623FE /* PalindromeUITests */,
			);
		};
/* End PBXProject section */

/* Begin PBXResourcesBuildPhase section */
		6A5D7C2828690C2700F623FE /* Resources */ = {
			isa = PBXResourcesBuildPhase;
			buildActionMask = 2147483647;
			files = (
				6A5D7C3A28690C2800F623FE /* LaunchScreen.storyboard in Resources */,
				6A5D7C3728690C2800F623FE /* Assets.xcassets in Resources */,
				6A5D7C3528690C2700F623FE /* Main.storyboard in Resources */,
			);
			runOnlyForDeploymentPostprocessing = 0;
		};
		6A5D7C3E28690C2800F623FE /* Resources */ = {
			isa = PBXResourcesBuildPhase;
			buildActionMask = 2147483647;
			files = (
			);
			runOnlyForDeploymentPostprocessing = 0;
		};
		6A5D7C4828690C2800F623FE /* Resources */ = {
			isa = PBXResourcesBuildPhase;
			buildActionMask = 2147483647;
			files = (
			);
			runOnlyForDeploymentPostprocessing = 0;
		};
/* End PBXResourcesBuildPhase section */

/* Begin PBXSourcesBuildPhase section */
		6A5D7C2628690C2700F623FE /* Sources */ = {
			isa = PBXSourcesBuildPhase;
			buildActionMask = 2147483647;
			files = (
				6A5D7C3228690C2700F623FE /* ViewController.swift in Sources */,
				6A5D7C5E28690D1B00F623FE /* PalindromeCheck.swift in Sources */,
				6A5D7C2E28690C2700F623FE /* AppDelegate.swift in Sources */,
				6A5D7C3028690C2700F623FE /* SceneDelegate.swift in Sources */,
			);
			runOnlyForDeploymentPostprocessing = 0;
		};
		6A5D7C3C28690C2800F623FE /* Sources */ = {
			isa = PBXSourcesBuildPhase;
			buildActionMask = 2147483647;
			files = (
				6A5D7C4528690C2800F623FE /* PalindromeTests.swift in Sources */,
			);
			runOnlyForDeploymentPostprocessing = 0;
		};
		6A5D7C4628690C2800F623FE /* Sources */ = {
			isa = PBXSourcesBuildPhase;
			buildActionMask = 2147483647;
			files = (
				6A5D7C4F28690C2800F623FE /* PalindromeUITests.swift in Sources */,
				6A5D7C5128690C2800F623FE /* PalindromeUITestsLaunchTests.swift in Sources */,
			);
			runOnlyForDeploymentPostprocessing = 0;
		};
/* End PBXSourcesBuildPhase section */

/* Begin PBXTargetDependency section */
		6A5D7C4228690C2800F623FE /* PBXTargetDependency */ = {
			isa = PBXTargetDependency;
			target = 6A5D7C2928690C2700F623FE /* Palindrome */;
			targetProxy = 6A5D7C4128690C2800F623FE /* PBXContainerItemProxy */;
		};
		6A5D7C4C28690C2800F623FE /* PBXTargetDependency */ = {
			isa = PBXTargetDependency;
			target = 6A5D7C2928690C2700F623FE /* Palindrome */;
			targetProxy = 6A5D7C4B28690C2800F623FE /* PBXContainerItemProxy */;
		};
/* End PBXTargetDependency section */

/* Begin PBXVariantGroup section */
		6A5D7C3328690C2700F623FE /* Main.storyboard */ = {
			isa = PBXVariantGroup;
			children = (
				6A5D7C3428690C2700F623FE /* Base */,
			);
			name = Main.storyboard;
			sourceTree = "<group>";
		};
		6A5D7C3828690C2800F623FE /* LaunchScreen.storyboard */ = {
			isa = PBXVariantGroup;
			children = (
				6A5D7C3928690C2800F623FE /* Base */,
			);
			name = LaunchScreen.storyboard;
			sourceTree = "<group>";
		};
/* End PBXVariantGroup section */

/* Begin XCBuildConfiguration section */
		6A5D7C5228690C2800F623FE /* Debug */ = {
			isa = XCBuildConfiguration;
			buildSettings = {
				ALWAYS_SEARCH_USER_PATHS = NO;
				CLANG_ANALYZER_NONNULL = YES;
				CLANG_ANALYZER_NUMBER_OBJECT_CONVERSION = YES_AGGRESSIVE;
				CLANG_CXX_LANGUAGE_STANDARD = "gnu++17";
				CLANG_ENABLE_MODULES = YES;
				CLANG_ENABLE_OBJC_ARC = YES;
				CLANG_ENABLE_OBJC_WEAK = YES;
				CLANG_WARN_BLOCK_CAPTURE_AUTORELEASING = YES;
				CLANG_WARN_BOOL_CONVERSION = YES;
				CLANG_WARN_COMMA = YES;
				CLANG_WARN_CONSTANT_CONVERSION = YES;
				CLANG_WARN_DEPRECATED_OBJC_IMPLEMENTATIONS = YES;
				CLANG_WARN_DIRECT_OBJC_ISA_USAGE = YES_ERROR;
				CLANG_WARN_DOCUMENTATION_COMMENTS = YES;
				CLANG_WARN_EMPTY_BODY = YES;
				CLANG_WARN_ENUM_CONVERSION = YES;
				CLANG_WARN_INFINITE_RECURSION = YES;
				CLANG_WARN_INT_CONVERSION = YES;
				CLANG_WARN_NON_LITERAL_NULL_CONVERSION = YES;
				CLANG_WARN_OBJC_IMPLICIT_RETAIN_SELF = YES;
				CLANG_WARN_OBJC_LITERAL_CONVERSION = YES;
				CLANG_WARN_OBJC_ROOT_CLASS = YES_ERROR;
				CLANG_WARN_QUOTED_INCLUDE_IN_FRAMEWORK_HEADER = YES;
				CLANG_WARN_RANGE_LOOP_ANALYSIS = YES;
				CLANG_WARN_STRICT_PROTOTYPES = YES;
				CLANG_WARN_SUSPICIOUS_MOVE = YES;
				CLANG_WARN_UNGUARDED_AVAILABILITY = YES_AGGRESSIVE;
				CLANG_WARN_UNREACHABLE_CODE = YES;
				CLANG_WARN__DUPLICATE_METHOD_MATCH = YES;
				COPY_PHASE_STRIP = NO;
				DEBUG_INFORMATION_FORMAT = dwarf;
				ENABLE_STRICT_OBJC_MSGSEND = YES;
				ENABLE_TESTABILITY = YES;
				GCC_C_LANGUAGE_STANDARD = gnu11;
				GCC_DYNAMIC_NO_PIC = NO;
				GCC_NO_COMMON_BLOCKS = YES;
				GCC_OPTIMIZATION_LEVEL = 0;
				GCC_PREPROCESSOR_DEFINITIONS = (
					"DEBUG=1",
					"$(inherited)",
				);
				GCC_WARN_64_TO_32_BIT_CONVERSION = YES;
				GCC_WARN_ABOUT_RETURN_TYPE = YES_ERROR;
				GCC_WARN_UNDECLARED_SELECTOR = YES;
				GCC_WARN_UNINITIALIZED_AUTOS = YES_AGGRESSIVE;
				GCC_WARN_UNUSED_FUNCTION = YES;
				GCC_WARN_UNUSED_VARIABLE = YES;
				IPHONEOS_DEPLOYMENT_TARGET = 15.5;
				MTL_ENABLE_DEBUG_INFO = INCLUDE_SOURCE;
				MTL_FAST_MATH = YES;
				ONLY_ACTIVE_ARCH = YES;
				SDKROOT = iphoneos;
				SWIFT_ACTIVE_COMPILATION_CONDITIONS = DEBUG;
				SWIFT_OPTIMIZATION_LEVEL = "-Onone";
			};
			name = Debug;
		};
		6A5D7C5328690C2800F623FE /* Release */ = {
			isa = XCBuildConfiguration;
			buildSettings = {
				ALWAYS_SEARCH_USER_PATHS = NO;
				CLANG_ANALYZER_NONNULL = YES;
				CLANG_ANALYZER_NUMBER_OBJECT_CONVERSION = YES_AGGRESSIVE;
				CLANG_CXX_LANGUAGE_STANDARD = "gnu++17";
				CLANG_ENABLE_MODULES = YES;
				CLANG_ENABLE_OBJC_ARC = YES;
				CLANG_ENABLE_OBJC_WEAK = YES;
				CLANG_WARN_BLOCK_CAPTURE_AUTORELEASING = YES;
				CLANG_WARN_BOOL_CONVERSION = YES;
				CLANG_WARN_COMMA = YES;
				CLANG_WARN_CONSTANT_CONVERSION = YES;
				CLANG_WARN_DEPRECATED_OBJC_IMPLEMENTATIONS = YES;
				CLANG_WARN_DIRECT_OBJC_ISA_USAGE = YES_ERROR;
				CLANG_WARN_DOCUMENTATION_COMMENTS = YES;
				CLANG_WARN_EMPTY_BODY = YES;
				CLANG_WARN_ENUM_CONVERSION = YES;
				CLANG_WARN_INFINITE_RECURSION = YES;
				CLANG_WARN_INT_CONVERSION = YES;
				CLANG_WARN_NON_LITERAL_NULL_CONVERSION = YES;
				CLANG_WARN_OBJC_IMPLICIT_RETAIN_SELF = YES;
				CLANG_WARN_OBJC_LITERAL_CONVERSION = YES;
				CLANG_WARN_OBJC_ROOT_CLASS = YES_ERROR;
				CLANG_WARN_QUOTED_INCLUDE_IN_FRAMEWORK_HEADER = YES;
				CLANG_WARN_RANGE_LOOP_ANALYSIS = YES;
				CLANG_WARN_STRICT_PROTOTYPES = YES;
				CLANG_WARN_SUSPICIOUS_MOVE = YES;
				CLANG_WARN_UNGUARDED_AVAILABILITY = YES_AGGRESSIVE;
				CLANG_WARN_UNREACHABLE_CODE = YES;
				CLANG_WARN__DUPLICATE_METHOD_MATCH = YES;
				COPY_PHASE_STRIP = NO;
				DEBUG_INFORMATION_FORMAT = "dwarf-with-dsym";
				ENABLE_NS_ASSERTIONS = NO;
				ENABLE_STRICT_OBJC_MSGSEND = YES;
				GCC_C_LANGUAGE_STANDARD = gnu11;
				GCC_NO_COMMON_BLOCKS = YES;
				GCC_WARN_64_TO_32_BIT_CONVERSION = YES;
				GCC_WARN_ABOUT_RETURN_TYPE = YES_ERROR;
				GCC_WARN_UNDECLARED_SELECTOR = YES;
				GCC_WARN_UNINITIALIZED_AUTOS = YES_AGGRESSIVE;
				GCC_WARN_UNUSED_FUNCTION = YES;
				GCC_WARN_UNUSED_VARIABLE = YES;
				IPHONEOS_DEPLOYMENT_TARGET = 15.5;
				MTL_ENABLE_DEBUG_INFO = NO;
				MTL_FAST_MATH = YES;
				SDKROOT = iphoneos;
				SWIFT_COMPILATION_MODE = wholemodule;
				SWIFT_OPTIMIZATION_LEVEL = "-O";
				VALIDATE_PRODUCT = YES;
			};
			name = Release;
		};
		6A5D7C5528690C2800F623FE /* Debug */ = {
			isa = XCBuildConfiguration;
			buildSettings = {
				ASSETCATALOG_COMPILER_APPICON_NAME = AppIcon;
				ASSETCATALOG_COMPILER_GLOBAL_ACCENT_COLOR_NAME = AccentColor;
				CODE_SIGN_STYLE = Automatic;
				CURRENT_PROJECT_VERSION = 1;
				DEVELOPMENT_TEAM = VAZ4DN586B;
				GENERATE_INFOPLIST_FILE = YES;
				INFOPLIST_FILE = Palindrome/Info.plist;
				INFOPLIST_KEY_UIApplicationSupportsIndirectInputEvents = YES;
				INFOPLIST_KEY_UILaunchStoryboardName = LaunchScreen;
				INFOPLIST_KEY_UIMainStoryboardFile = Main;
				INFOPLIST_KEY_UISupportedInterfaceOrientations_iPad = "UIInterfaceOrientationPortrait UIInterfaceOrientationPortraitUpsideDown UIInterfaceOrientationLandscapeLeft UIInterfaceOrientationLandscapeRight";
				INFOPLIST_KEY_UISupportedInterfaceOrientations_iPhone = "UIInterfaceOrientationPortrait UIInterfaceOrientationLandscapeLeft UIInterfaceOrientationLandscapeRight";
				LD_RUNPATH_SEARCH_PATHS = (
					"$(inherited)",
					"@executable_path/Frameworks",
				);
				MARKETING_VERSION = 1.0;
				PRODUCT_BUNDLE_IDENTIFIER = com.curlybraces.Palindrome;
				PRODUCT_NAME = "$(TARGET_NAME)";
				SWIFT_EMIT_LOC_STRINGS = YES;
				SWIFT_VERSION = 5.0;
				TARGETED_DEVICE_FAMILY = "1,2";
			};
			name = Debug;
		};
		6A5D7C5628690C2800F623FE /* Release */ = {
			isa = XCBuildConfiguration;
			buildSettings = {
				ASSETCATALOG_COMPILER_APPICON_NAME = AppIcon;
				ASSETCATALOG_COMPILER_GLOBAL_ACCENT_COLOR_NAME = AccentColor;
				CODE_SIGN_STYLE = Automatic;
				CURRENT_PROJECT_VERSION = 1;
				DEVELOPMENT_TEAM = VAZ4DN586B;
				GENERATE_INFOPLIST_FILE = YES;
				INFOPLIST_FILE = Palindrome/Info.plist;
				INFOPLIST_KEY_UIApplicationSupportsIndirectInputEvents = YES;
				INFOPLIST_KEY_UILaunchStoryboardName = LaunchScreen;
				INFOPLIST_KEY_UIMainStoryboardFile = Main;
				INFOPLIST_KEY_UISupportedInterfaceOrientations_iPad = "UIInterfaceOrientationPortrait UIInterfaceOrientationPortraitUpsideDown UIInterfaceOrientationLandscapeLeft UIInterfaceOrientationLandscapeRight";
				INFOPLIST_KEY_UISupportedInterfaceOrientations_iPhone = "UIInterfaceOrientationPortrait UIInterfaceOrientationLandscapeLeft UIInterfaceOrientationLandscapeRight";
				LD_RUNPATH_SEARCH_PATHS = (
					"$(inherited)",
					"@executable_path/Frameworks",
				);
				MARKETING_VERSION = 1.0;
				PRODUCT_BUNDLE_IDENTIFIER = com.curlybraces.Palindrome;
				PRODUCT_NAME = "$(TARGET_NAME)";
				SWIFT_EMIT_LOC_STRINGS = YES;
				SWIFT_VERSION = 5.0;
				TARGETED_DEVICE_FAMILY = "1,2";
			};
			name = Release;
		};
		6A5D7C5828690C2800F623FE /* Debug */ = {
			isa = XCBuildConfiguration;
			buildSettings = {
				ALWAYS_EMBED_SWIFT_STANDARD_LIBRARIES = YES;
				BUNDLE_LOADER = "$(TEST_HOST)";
				CODE_SIGN_STYLE = Automatic;
				CURRENT_PROJECT_VERSION = 1;
				DEVELOPMENT_TEAM = VAZ4DN586B;
				GENERATE_INFOPLIST_FILE = YES;
				IPHONEOS_DEPLOYMENT_TARGET = 15.5;
				MARKETING_VERSION = 1.0;
				PRODUCT_BUNDLE_IDENTIFIER = com.curlybraces.PalindromeTests;
				PRODUCT_NAME = "$(TARGET_NAME)";
				SWIFT_EMIT_LOC_STRINGS = NO;
				SWIFT_VERSION = 5.0;
				TARGETED_DEVICE_FAMILY = "1,2";
				TEST_HOST = "$(BUILT_PRODUCTS_DIR)/Palindrome.app/Palindrome";
			};
			name = Debug;
		};
		6A5D7C5928690C2800F623FE /* Release */ = {
			isa = XCBuildConfiguration;
			buildSettings = {
				ALWAYS_EMBED_SWIFT_STANDARD_LIBRARIES = YES;
				BUNDLE_LOADER = "$(TEST_HOST)";
				CODE_SIGN_STYLE = Automatic;
				CURRENT_PROJECT_VERSION = 1;
				DEVELOPMENT_TEAM = VAZ4DN586B;
				GENERATE_INFOPLIST_FILE = YES;
				IPHONEOS_DEPLOYMENT_TARGET = 15.5;
				MARKETING_VERSION = 1.0;
				PRODUCT_BUNDLE_IDENTIFIER = com.curlybraces.PalindromeTests;
				PRODUCT_NAME = "$(TARGET_NAME)";
				SWIFT_EMIT_LOC_STRINGS = NO;
				SWIFT_VERSION = 5.0;
				TARGETED_DEVICE_FAMILY = "1,2";
				TEST_HOST = "$(BUILT_PRODUCTS_DIR)/Palindrome.app/Palindrome";
			};
			name = Release;
		};
		6A5D7C5B28690C2800F623FE /* Debug */ = {
			isa = XCBuildConfiguration;
			buildSettings = {
				ALWAYS_EMBED_SWIFT_STANDARD_LIBRARIES = YES;
				CODE_SIGN_STYLE = Automatic;
				CURRENT_PROJECT_VERSION = 1;
				DEVELOPMENT_TEAM = VAZ4DN586B;
				GENERATE_INFOPLIST_FILE = YES;
				MARKETING_VERSION = 1.0;
				PRODUCT_BUNDLE_IDENTIFIER = com.curlybraces.PalindromeUITests;
				PRODUCT_NAME = "$(TARGET_NAME)";
				SWIFT_EMIT_LOC_STRINGS = NO;
				SWIFT_VERSION = 5.0;
				TARGETED_DEVICE_FAMILY = "1,2";
				TEST_TARGET_NAME = Palindrome;
			};
			name = Debug;
		};
		6A5D7C5C28690C2800F623FE /* Release */ = {
			isa = XCBuildConfiguration;
			buildSettings = {
				ALWAYS_EMBED_SWIFT_STANDARD_LIBRARIES = YES;
				CODE_SIGN_STYLE = Automatic;
				CURRENT_PROJECT_VERSION = 1;
				DEVELOPMENT_TEAM = VAZ4DN586B;
				GENERATE_INFOPLIST_FILE = YES;
				MARKETING_VERSION = 1.0;
				PRODUCT_BUNDLE_IDENTIFIER = com.curlybraces.PalindromeUITests;
				PRODUCT_NAME = "$(TARGET_NAME)";
				SWIFT_EMIT_LOC_STRINGS = NO;
				SWIFT_VERSION = 5.0;
				TARGETED_DEVICE_FAMILY = "1,2";
				TEST_TARGET_NAME = Palindrome;
			};
			name = Release;
		};
/* End XCBuildConfiguration section */

/* Begin XCConfigurationList section */
		6A5D7C2528690C2700F623FE /* Build configuration list for PBXProject "Palindrome" */ = {
			isa = XCConfigurationList;
			buildConfigurations = (
				6A5D7C5228690C2800F623FE /* Debug */,
				6A5D7C5328690C2800F623FE /* Release */,
			);
			defaultConfigurationIsVisible = 0;
			defaultConfigurationName = Release;
		};
		6A5D7C5428690C2800F623FE /* Build configuration list for PBXNativeTarget "Palindrome" */ = {
			isa = XCConfigurationList;
			buildConfigurations = (
				6A5D7C5528690C2800F623FE /* Debug */,
				6A5D7C5628690C2800F623FE /* Release */,
			);
			defaultConfigurationIsVisible = 0;
			defaultConfigurationName = Release;
		};
		6A5D7C5728690C2800F623FE /* Build configuration list for PBXNativeTarget "PalindromeTests" */ = {
			isa = XCConfigurationList;
			buildConfigurations = (
				6A5D7C5828690C2800F623FE /* Debug */,
				6A5D7C5928690C2800F623FE /* Release */,
			);
			defaultConfigurationIsVisible = 0;
			defaultConfigurationName = Release;
		};
		6A5D7C5A28690C2800F623FE /* Build configuration list for PBXNativeTarget "PalindromeUITests" */ = {
			isa = XCConfigurationList;
			buildConfigurations = (
				6A5D7C5B28690C2800F623FE /* Debug */,
				6A5D7C5C28690C2800F623FE /* Release */,
			);
			defaultConfigurationIsVisible = 0;
			defaultConfigurationName = Release;
		};
/* End XCConfigurationList section */
	};
	rootObject = 6A5D7C2228690C2700F623FE /* Project object */;
}
